
Microsoft Visual Studio Solution File, Format Version 12.00
# Visual Studio Version 17
VisualStudioVersion = 17.8.34330.188
MinimumVisualStudioVersion = 10.0.40219.1
Project("{FAE04EC0-301F-11D3-BF4B-00C04F79EFBC}") = "FileSync", "FileSync\FileSync.csproj", "{4021A93A-A5A3-48C6-A1F6-4A83124CADDC}"
EndProject
Global
	GlobalSection(SolutionConfigurationPlatforms) = preSolution
		Debug|Any CPU = Debug|Any CPU
		Release|Any CPU = Release|Any CPU
	EndGlobalSection
	GlobalSection(ProjectConfigurationPlatforms) = postSolution
		{4021A93A-A5A3-48C6-A1F6-4A83124CADDC}.Debug|Any CPU.ActiveCfg = Debug|Any CPU
		{4021A93A-A5A3-48C6-A1F6-4A83124CADDC}.Debug|Any CPU.Build.0 = Debug|Any CPU
		{4021A93A-A5A3-48C6-A1F6-4A83124CADDC}.Release|Any CPU.ActiveCfg = Release|Any CPU
		{4021A93A-A5A3-48C6-A1F6-4A83124CADDC}.Release|Any CPU.Build.0 = Release|Any CPU
	EndGlobalSection
	GlobalSection(SolutionProperties) = preSolution
		HideSolutionNode = FALSE
	EndGlobalSection
	GlobalSection(ExtensibilityGlobals) = postSolution
		SolutionGuid = {E578654F-04DD-4F4B-9BFE-3E9AFA709DCE}
	EndGlobalSection
EndGlobal
